
Microsoft Visual Studio Solution File, Format Version 12.00
# Visual Studio Version 16
VisualStudioVersion = 16.0.30804.86
MinimumVisualStudioVersion = 10.0.40219.1
Project("{FAE04EC0-301F-11D3-BF4B-00C04F79EFBC}") = "KTHP_NET", "KTHP_NET.csproj", "{BD749365-6443-45E0-B18F-400B12EA4AB5}"
EndProject
Project("{FAE04EC0-301F-11D3-BF4B-00C04F79EFBC}") = "DataTransferObject", "..\DataTransferObject\DataTransferObject.csproj", "{FAA4FB21-5B04-4F55-8047-BE45C2965E00}"
EndProject
Project("{FAE04EC0-301F-11D3-BF4B-00C04F79EFBC}") = "BusinessLogicLayer", "..\BusinessLayerLogic\BusinessLogicLayer.csproj", "{83ACA41C-2368-4A4F-BC05-5C6C7E868B23}"
EndProject
Project("{FAE04EC0-301F-11D3-BF4B-00C04F79EFBC}") = "DataAccessLayer", "..\DataAccessLayer\DataAccessLayer.csproj", "{85B9AC4C-B774-4C84-A35F-C72D172F0627}"
EndProject
Global
	GlobalSection(SolutionConfigurationPlatforms) = preSolution
		Debug|Any CPU = Debug|Any CPU
		Release|Any CPU = Release|Any CPU
	EndGlobalSection
	GlobalSection(ProjectConfigurationPlatforms) = postSolution
		{BD749365-6443-45E0-B18F-400B12EA4AB5}.Debug|Any CPU.ActiveCfg = Debug|Any CPU
		{BD749365-6443-45E0-B18F-400B12EA4AB5}.Debug|Any CPU.Build.0 = Debug|Any CPU
		{BD749365-6443-45E0-B18F-400B12EA4AB5}.Release|Any CPU.ActiveCfg = Release|Any CPU
		{BD749365-6443-45E0-B18F-400B12EA4AB5}.Release|Any CPU.Build.0 = Release|Any CPU
		{FAA4FB21-5B04-4F55-8047-BE45C2965E00}.Debug|Any CPU.ActiveCfg = Debug|Any CPU
		{FAA4FB21-5B04-4F55-8047-BE45C2965E00}.Debug|Any CPU.Build.0 = Debug|Any CPU
		{FAA4FB21-5B04-4F55-8047-BE45C2965E00}.Release|Any CPU.ActiveCfg = Release|Any CPU
		{FAA4FB21-5B04-4F55-8047-BE45C2965E00}.Release|Any CPU.Build.0 = Release|Any CPU
		{83ACA41C-2368-4A4F-BC05-5C6C7E868B23}.Debug|Any CPU.ActiveCfg = Debug|Any CPU
		{83ACA41C-2368-4A4F-BC05-5C6C7E868B23}.Debug|Any CPU.Build.0 = Debug|Any CPU
		{83ACA41C-2368-4A4F-BC05-5C6C7E868B23}.Release|Any CPU.ActiveCfg = Release|Any CPU
		{83ACA41C-2368-4A4F-BC05-5C6C7E868B23}.Release|Any CPU.Build.0 = Release|Any CPU
		{85B9AC4C-B774-4C84-A35F-C72D172F0627}.Debug|Any CPU.ActiveCfg = Debug|Any CPU
		{85B9AC4C-B774-4C84-A35F-C72D172F0627}.Debug|Any CPU.Build.0 = Debug|Any CPU
		{85B9AC4C-B774-4C84-A35F-C72D172F0627}.Release|Any CPU.ActiveCfg = Release|Any CPU
		{85B9AC4C-B774-4C84-A35F-C72D172F0627}.Release|Any CPU.Build.0 = Release|Any CPU
	EndGlobalSection
	GlobalSection(SolutionProperties) = preSolution
		HideSolutionNode = FALSE
	EndGlobalSection
	GlobalSection(ExtensibilityGlobals) = postSolution
		SolutionGuid = {7110C23B-7B17-4863-AD57-6C3CAC9A6534}
	EndGlobalSection
EndGlobal
